{
  "R": {
    "Version": "4.3.0",
    "Repositories": [
      {
        "Name": "CRAN",
        "URL": "https://cloud.r-project.org"
      }
    ]
  },
  "Packages": {
    "DBI": {
      "Package": "DBI",
      "Version": "1.1.3",
      "Source": "Repository",
      "Repository": "CRAN",
      "Hash": "b2866e62bab9378c3cc9476a1954226b",
      "Requirements": []
    },
    "KernSmooth": {
      "Package": "KernSmooth",
      "Version": "2.23-20",
      "Source": "Repository",
      "Repository": "CRAN",
      "Hash": "8dcfa99b14c296bc9f1fd64d52fd3ce7",
      "Requirements": []
    },
    "MASS": {
      "Package": "MASS",
      "Version": "7.3-59",
      "Source": "Repository",
      "Repository": "CRAN",
      "Hash": "26570ae748e78cb2b0f56019dd2ba354",
      "Requirements": []
    },
    "MODISTools": {
      "Package": "MODISTools",
      "Version": "1.1.4",
      "Source": "Repository",
      "Repository": "CRAN",
      "Hash": "048dc7651f8d656f5251f0d1b5083299",
      "Requirements": [
        "httr",
        "jsonlite",
        "memoise",
        "sf",
        "sp",
        "terra"
      ]
    },
    "Matrix": {
      "Package": "Matrix",
      "Version": "1.5-1",
      "Source": "Repository",
      "Repository": "CRAN",
      "Hash": "539dc0c0c05636812f1080f473d2c177",
      "Requirements": [
        "lattice"
      ]
    },
    "R6": {
      "Package": "R6",
      "Version": "2.5.1",
      "Source": "Repository",
      "Repository": "CRAN",
      "Hash": "470851b6d5d0ac559e9d01bb352b4021",
      "Requirements": []
    },
    "RColorBrewer": {
      "Package": "RColorBrewer",
      "Version": "1.1-3",
      "Source": "Repository",
      "Repository": "CRAN",
      "Hash": "45f0398006e83a5b10b72a90663d8d8c",
      "Requirements": []
    },
    "Rcpp": {
      "Package": "Rcpp",
      "Version": "1.0.10",
      "Source": "Repository",
      "Repository": "CRAN",
      "Hash": "e749cae40fa9ef469b6050959517453c",
      "Requirements": []
    },
    "askpass": {
      "Package": "askpass",
      "Version": "1.1",
      "Source": "Repository",
      "Repository": "CRAN",
      "Hash": "e8a22846fff485f0be3770c2da758713",
      "Requirements": [
        "sys"
      ]
    },
    "base64enc": {
      "Package": "base64enc",
      "Version": "0.1-3",
      "Source": "Repository",
      "Repository": "CRAN",
      "Hash": "543776ae6848fde2f48ff3816d0628bc",
      "Requirements": []
    },
    "bslib": {
      "Package": "bslib",
      "Version": "0.4.2",
      "Source": "Repository",
      "Repository": "CRAN",
      "Hash": "a7fbf03946ad741129dc81098722fca1",
      "Requirements": [
        "base64enc",
        "cachem",
        "htmltools",
        "jquerylib",
        "jsonlite",
        "memoise",
        "mime",
        "rlang",
        "sass"
      ]
    },
    "cachem": {
      "Package": "cachem",
      "Version": "1.0.8",
      "Source": "Repository",
      "Repository": "CRAN",
      "Hash": "c35768291560ce302c0a6589f92e837d",
      "Requirements": [
        "fastmap",
        "rlang"
      ]
    },
    "class": {
      "Package": "class",
      "Version": "7.3-21",
      "Source": "Repository",
      "Repository": "CRAN",
      "Hash": "8ae0d4328e2eb3a582dfd5391a3663b7",
      "Requirements": [
        "MASS"
      ]
    },
    "classInt": {
      "Package": "classInt",
      "Version": "0.4-9",
      "Source": "Repository",
      "Repository": "CRAN",
      "Hash": "bee651a42a89633eccb36dca9d9ab413",
      "Requirements": [
        "KernSmooth",
        "class",
        "e1071"
      ]
    },
    "cli": {
      "Package": "cli",
      "Version": "3.6.1",
      "Source": "Repository",
      "Repository": "CRAN",
      "Hash": "89e6d8219950eac806ae0c489052048a",
      "Requirements": []
    },
    "colorspace": {
      "Package": "colorspace",
      "Version": "2.1-0",
      "Source": "Repository",
      "Repository": "CRAN",
      "Hash": "f20c47fd52fae58b4e377c37bb8c335b",
      "Requirements": []
    },
    "cpp11": {
      "Package": "cpp11",
      "Version": "0.4.3",
      "Source": "Repository",
      "Repository": "CRAN",
      "Hash": "ed588261931ee3be2c700d22e94a29ab",
      "Requirements": []
    },
    "curl": {
      "Package": "curl",
      "Version": "5.0.0",
      "Source": "Repository",
      "Repository": "CRAN",
      "Hash": "e4f97056611e8e6b8b852d13b7400cf1",
      "Requirements": []
    },
    "data.table": {
      "Package": "data.table",
      "Version": "1.14.8",
      "Source": "Repository",
      "Repository": "CRAN",
      "Hash": "b4c06e554f33344e044ccd7fdca750a9",
      "Requirements": []
    },
    "digest": {
      "Package": "digest",
      "Version": "0.6.31",
      "Source": "Repository",
      "Repository": "CRAN",
      "Hash": "8b708f296afd9ae69f450f9640be8990",
      "Requirements": []
    },
    "dplyr": {
      "Package": "dplyr",
      "Version": "1.1.2",
      "Source": "Repository",
      "Repository": "CRAN",
      "Hash": "dea6970ff715ca541c387de363ff405e",
      "Requirements": [
        "R6",
        "cli",
        "generics",
        "glue",
        "lifecycle",
        "magrittr",
        "pillar",
        "rlang",
        "tibble",
        "tidyselect",
        "vctrs"
      ]
    },
    "e1071": {
      "Package": "e1071",
      "Version": "1.7-13",
      "Source": "Repository",
      "Repository": "CRAN",
      "Hash": "1046cb48d06cb40c2900d8878f03a0fe",
      "Requirements": [
        "class",
        "proxy"
      ]
    },
    "ellipsis": {
      "Package": "ellipsis",
      "Version": "0.3.2",
      "Source": "Repository",
      "Repository": "CRAN",
      "Hash": "bb0eec2fe32e88d9e2836c2f73ea2077",
      "Requirements": [
        "rlang"
      ]
    },
    "evaluate": {
      "Package": "evaluate",
      "Version": "0.20",
      "Source": "Repository",
      "Repository": "CRAN",
      "Hash": "4b68aa51edd89a0e044a66e75ae3cc6c",
      "Requirements": []
    },
    "fansi": {
      "Package": "fansi",
      "Version": "1.0.4",
      "Source": "Repository",
      "Repository": "CRAN",
      "Hash": "1d9e7ad3c8312a192dea7d3db0274fde",
      "Requirements": []
    },
    "farver": {
      "Package": "farver",
      "Version": "2.1.1",
      "Source": "Repository",
      "Repository": "CRAN",
      "Hash": "8106d78941f34855c440ddb946b8f7a5",
      "Requirements": []
    },
    "fastmap": {
      "Package": "fastmap",
      "Version": "1.1.1",
      "Source": "Repository",
      "Repository": "CRAN",
      "Hash": "f7736a18de97dea803bde0a2daaafb27",
      "Requirements": []
    },
    "fontawesome": {
      "Package": "fontawesome",
      "Version": "0.5.1",
      "Source": "Repository",
      "Repository": "CRAN",
      "Hash": "1e22b8cabbad1eae951a75e9f8b52378",
      "Requirements": [
        "htmltools",
        "rlang"
      ]
    },
    "fs": {
      "Package": "fs",
      "Version": "1.6.2",
      "Source": "Repository",
      "Repository": "CRAN",
      "Hash": "94af08e0aa9675a16fadbb3aaaa90d2a",
      "Requirements": []
    },
    "generics": {
      "Package": "generics",
      "Version": "0.1.3",
      "Source": "Repository",
      "Repository": "CRAN",
      "Hash": "15e9634c0fcd294799e9b2e929ed1b86",
      "Requirements": []
    },
    "geodata": {
      "Package": "geodata",
      "Version": "0.5-8",
      "Source": "Repository",
      "Repository": "CRAN",
      "Hash": "93d238706f3fe7c326a7d0bbc2fecdb8",
      "Requirements": [
        "terra"
      ]
    },
    "ggplot2": {
      "Package": "ggplot2",
      "Version": "3.4.2",
      "Source": "Repository",
      "Repository": "CRAN",
      "Hash": "3a147ee02e85a8941aad9909f1b43b7b",
      "Requirements": [
        "MASS",
        "cli",
        "glue",
        "gtable",
        "isoband",
        "lifecycle",
        "mgcv",
        "rlang",
        "scales",
        "tibble",
        "vctrs",
        "withr"
      ]
    },
    "glue": {
      "Package": "glue",
      "Version": "1.6.2",
      "Source": "Repository",
      "Repository": "CRAN",
      "Hash": "4f2596dfb05dac67b9dc558e5c6fba2e",
      "Requirements": []
    },
    "gtable": {
      "Package": "gtable",
      "Version": "0.3.3",
      "Source": "Repository",
      "Repository": "CRAN",
      "Hash": "b44addadb528a0d227794121c00572a0",
      "Requirements": [
        "cli",
        "glue",
        "lifecycle",
        "rlang"
      ]
    },
    "here": {
      "Package": "here",
      "Version": "1.0.1",
      "Source": "Repository",
      "Repository": "CRAN",
      "Hash": "24b224366f9c2e7534d2344d10d59211",
      "Requirements": [
        "rprojroot"
      ]
    },
    "highr": {
      "Package": "highr",
      "Version": "0.10",
      "Source": "Repository",
      "Repository": "CRAN",
      "Hash": "06230136b2d2b9ba5805e1963fa6e890",
      "Requirements": [
        "xfun"
      ]
    },
    "htmltools": {
      "Package": "htmltools",
      "Version": "0.5.5",
      "Source": "Repository",
      "Repository": "CRAN",
      "Hash": "ba0240784ad50a62165058a27459304a",
      "Requirements": [
        "base64enc",
        "digest",
        "ellipsis",
        "fastmap",
        "rlang"
      ]
    },
    "httr": {
      "Package": "httr",
      "Version": "1.4.5",
      "Source": "Repository",
      "Repository": "CRAN",
      "Hash": "f6844033201269bec3ca0097bc6c97b3",
      "Requirements": [
        "R6",
        "curl",
        "jsonlite",
        "mime",
        "openssl"
      ]
    },
    "isoband": {
      "Package": "isoband",
      "Version": "0.2.7",
      "Source": "Repository",
      "Repository": "CRAN",
      "Hash": "0080607b4a1a7b28979aecef976d8bc2",
      "Requirements": []
    },
    "jquerylib": {
      "Package": "jquerylib",
      "Version": "0.1.4",
      "Source": "Repository",
      "Repository": "CRAN",
      "Hash": "5aab57a3bd297eee1c1d862735972182",
      "Requirements": [
        "htmltools"
      ]
    },
    "jsonlite": {
      "Package": "jsonlite",
      "Version": "1.8.4",
      "Source": "Repository",
      "Repository": "CRAN",
      "Hash": "a4269a09a9b865579b2635c77e572374",
      "Requirements": []
    },
    "knitr": {
      "Package": "knitr",
      "Version": "1.42",
      "Source": "Repository",
      "Repository": "CRAN",
      "Hash": "8329a9bcc82943c8069104d4be3ee22d",
      "Requirements": [
        "evaluate",
        "highr",
        "xfun",
        "yaml"
      ]
    },
    "labeling": {
      "Package": "labeling",
      "Version": "0.4.2",
      "Source": "Repository",
      "Repository": "CRAN",
      "Hash": "3d5108641f47470611a32d0bdf357a72",
      "Requirements": []
    },
    "lattice": {
      "Package": "lattice",
      "Version": "0.21-8",
      "Source": "Repository",
      "Repository": "CRAN",
      "Hash": "0b8a6d63c8770f02a8b5635f3c431e6b",
      "Requirements": []
    },
    "lifecycle": {
      "Package": "lifecycle",
      "Version": "1.0.3",
      "Source": "Repository",
      "Repository": "CRAN",
      "Hash": "001cecbeac1cff9301bdc3775ee46a86",
      "Requirements": [
        "cli",
        "glue",
        "rlang"
      ]
    },
    "magrittr": {
      "Package": "magrittr",
      "Version": "2.0.3",
      "Source": "Repository",
      "Repository": "CRAN",
      "Hash": "7ce2733a9826b3aeb1775d56fd305472",
      "Requirements": []
    },
    "memoise": {
      "Package": "memoise",
      "Version": "2.0.1",
      "Source": "Repository",
      "Repository": "CRAN",
      "Hash": "e2817ccf4a065c5d9d7f2cfbe7c1d78c",
      "Requirements": [
        "cachem",
        "rlang"
      ]
    },
    "mgcv": {
      "Package": "mgcv",
      "Version": "1.8-42",
      "Source": "Repository",
      "Repository": "CRAN",
      "Hash": "3460beba7ccc8946249ba35327ba902a",
      "Requirements": [
        "Matrix",
        "nlme"
      ]
    },
    "mime": {
      "Package": "mime",
      "Version": "0.12",
      "Source": "Repository",
      "Repository": "CRAN",
      "Hash": "18e9c28c1d3ca1560ce30658b22ce104",
      "Requirements": []
    },
    "munsell": {
      "Package": "munsell",
      "Version": "0.5.0",
      "Source": "Repository",
      "Repository": "CRAN",
      "Hash": "6dfe8bf774944bd5595785e3229d8771",
      "Requirements": [
        "colorspace"
      ]
    },
    "nlme": {
      "Package": "nlme",
      "Version": "3.1-162",
      "Source": "Repository",
      "Repository": "CRAN",
      "Hash": "0984ce8da8da9ead8643c5cbbb60f83e",
      "Requirements": [
        "lattice"
      ]
    },
    "openssl": {
      "Package": "openssl",
      "Version": "2.0.6",
      "Source": "Repository",
      "Repository": "CRAN",
      "Hash": "0f7cd2962e3044bb940cca4f4b5cecbe",
      "Requirements": [
        "askpass"
      ]
    },
    "patchwork": {
      "Package": "patchwork",
      "Version": "1.1.2",
      "Source": "Repository",
      "Repository": "CRAN",
      "Hash": "63b611e9d909a9ed057639d9c3b77152",
      "Requirements": [
        "ggplot2",
        "gtable"
      ]
    },
    "pillar": {
      "Package": "pillar",
      "Version": "1.9.0",
      "Source": "Repository",
      "Repository": "CRAN",
      "Hash": "15da5a8412f317beeee6175fbc76f4bb",
      "Requirements": [
        "cli",
        "fansi",
        "glue",
        "lifecycle",
        "rlang",
        "utf8",
        "vctrs"
      ]
    },
    "pkgconfig": {
      "Package": "pkgconfig",
      "Version": "2.0.3",
      "Source": "Repository",
      "Repository": "CRAN",
      "Hash": "01f28d4278f15c76cddbea05899c5d6f",
      "Requirements": []
    },
    "proxy": {
      "Package": "proxy",
      "Version": "0.4-27",
      "Source": "Repository",
      "Repository": "CRAN",
      "Hash": "e0ef355c12942cf7a6b91a6cfaea8b3e",
      "Requirements": []
    },
    "purrr": {
      "Package": "purrr",
      "Version": "1.0.1",
      "Source": "Repository",
      "Repository": "CRAN",
      "Hash": "d71c815267c640f17ddbf7f16144b4bb",
      "Requirements": [
        "cli",
        "lifecycle",
        "magrittr",
        "rlang",
        "vctrs"
      ]
    },
    "rappdirs": {
      "Package": "rappdirs",
      "Version": "0.3.3",
      "Source": "Repository",
      "Repository": "CRAN",
      "Hash": "5e3c5dc0b071b21fa128676560dbe94d",
      "Requirements": []
    },
    "renv": {
      "Package": "renv",
      "Version": "0.16.0",
      "Source": "Repository",
      "Repository": "CRAN",
      "Hash": "c9e8442ab69bc21c9697ecf856c1e6c7",
      "Requirements": []
    },
    "rlang": {
      "Package": "rlang",
      "Version": "1.1.1",
      "Source": "Repository",
      "Repository": "CRAN",
      "Hash": "a85c767b55f0bf9b7ad16c6d7baee5bb",
      "Requirements": []
    },
    "rmarkdown": {
      "Package": "rmarkdown",
      "Version": "2.21",
      "Source": "Repository",
      "Repository": "CRAN",
      "Hash": "493df4ae51e2e984952ea4d5c75786a3",
      "Requirements": [
        "bslib",
        "evaluate",
        "fontawesome",
        "htmltools",
        "jquerylib",
        "jsonlite",
        "knitr",
        "stringr",
        "tinytex",
        "xfun",
        "yaml"
      ]
    },
    "rprojroot": {
      "Package": "rprojroot",
      "Version": "2.0.3",
      "Source": "Repository",
      "Repository": "CRAN",
      "Hash": "1de7ab598047a87bba48434ba35d497d",
      "Requirements": []
    },
    "s2": {
      "Package": "s2",
      "Version": "1.1.3",
      "Source": "Repository",
      "Repository": "CRAN",
      "Hash": "e162ffd6ff4bde5264584be359a06f88",
      "Requirements": [
        "Rcpp",
        "wk"
      ]
    },
    "sass": {
      "Package": "sass",
      "Version": "0.4.5",
      "Source": "Repository",
      "Repository": "CRAN",
      "Hash": "2bb4371a4c80115518261866eab6ab11",
      "Requirements": [
        "R6",
        "fs",
        "htmltools",
        "rappdirs",
        "rlang"
      ]
    },
    "scales": {
      "Package": "scales",
      "Version": "1.2.1",
      "Source": "Repository",
      "Repository": "CRAN",
      "Hash": "906cb23d2f1c5680b8ce439b44c6fa63",
      "Requirements": [
        "R6",
        "RColorBrewer",
        "farver",
        "labeling",
        "lifecycle",
        "munsell",
        "rlang",
        "viridisLite"
      ]
    },
    "sf": {
      "Package": "sf",
      "Version": "1.0-12",
      "Source": "Repository",
      "Repository": "CRAN",
      "Hash": "5b41b4f0bd22b38661d82205a87deb4b",
      "Requirements": [
        "DBI",
        "Rcpp",
        "classInt",
        "magrittr",
        "s2",
        "units"
      ]
    },
    "signal": {
      "Package": "signal",
      "Version": "0.7-7",
      "Source": "Repository",
      "Repository": "CRAN",
      "Hash": "b8f2ef9022ac085add25ae093754e6b3",
      "Requirements": [
        "MASS"
      ]
    },
    "sp": {
      "Package": "sp",
      "Version": "1.6-0",
      "Source": "Repository",
      "Repository": "CRAN",
      "Hash": "6674e075a078d9c3bde8ba800367347c",
      "Requirements": [
        "lattice"
      ]
    },
    "stringi": {
      "Package": "stringi",
      "Version": "1.7.12",
      "Source": "Repository",
      "Repository": "CRAN",
      "Hash": "ca8bd84263c77310739d2cf64d84d7c9",
      "Requirements": []
    },
    "stringr": {
      "Package": "stringr",
      "Version": "1.5.0",
      "Source": "Repository",
      "Repository": "CRAN",
      "Hash": "671a4d384ae9d32fc47a14e98bfa3dc8",
      "Requirements": [
        "cli",
        "glue",
        "lifecycle",
        "magrittr",
        "rlang",
        "stringi",
        "vctrs"
      ]
    },
    "sys": {
      "Package": "sys",
      "Version": "3.4.1",
      "Source": "Repository",
      "Repository": "CRAN",
      "Hash": "34c16f1ef796057bfa06d3f4ff818a5d",
      "Requirements": []
    },
    "terra": {
      "Package": "terra",
      "Version": "1.7-29",
      "Source": "Repository",
      "Repository": "CRAN",
      "Hash": "89c24bf35c961e047df79dde2eb69224",
      "Requirements": [
        "Rcpp"
      ]
    },
    "tibble": {
      "Package": "tibble",
      "Version": "3.2.1",
      "Source": "Repository",
      "Repository": "CRAN",
      "Hash": "a84e2cc86d07289b3b6f5069df7a004c",
      "Requirements": [
        "fansi",
        "lifecycle",
        "magrittr",
        "pillar",
        "pkgconfig",
        "rlang",
        "vctrs"
      ]
    },
    "tidyr": {
      "Package": "tidyr",
      "Version": "1.3.0",
      "Source": "Repository",
      "Repository": "CRAN",
      "Hash": "e47debdc7ce599b070c8e78e8ac0cfcf",
      "Requirements": [
        "cli",
        "cpp11",
        "dplyr",
        "glue",
        "lifecycle",
        "magrittr",
        "purrr",
        "rlang",
        "stringr",
        "tibble",
        "tidyselect",
        "vctrs"
      ]
    },
    "tidyselect": {
      "Package": "tidyselect",
      "Version": "1.2.0",
      "Source": "Repository",
      "Repository": "CRAN",
      "Hash": "79540e5fcd9e0435af547d885f184fd5",
      "Requirements": [
        "cli",
        "glue",
        "lifecycle",
        "rlang",
        "vctrs",
        "withr"
      ]
    },
    "tidyterra": {
      "Package": "tidyterra",
      "Version": "0.4.0",
      "Source": "Repository",
      "Repository": "CRAN",
      "Hash": "c50e45d8fd32d10e40ff6d9f03e22249",
      "Requirements": [
        "cli",
        "data.table",
        "dplyr",
        "ggplot2",
        "magrittr",
        "rlang",
        "scales",
        "sf",
        "terra",
        "tibble",
        "tidyr"
      ]
    },
    "tinytex": {
      "Package": "tinytex",
      "Version": "0.45",
      "Source": "Repository",
      "Repository": "CRAN",
      "Hash": "e4e357f28c2edff493936b6cb30c3d65",
      "Requirements": [
        "xfun"
      ]
    },
    "units": {
      "Package": "units",
      "Version": "0.8-2",
      "Source": "Repository",
      "Repository": "CRAN",
      "Hash": "422376fe53419adcde4710d43acbcdd0",
      "Requirements": [
        "Rcpp"
      ]
    },
    "utf8": {
      "Package": "utf8",
      "Version": "1.2.3",
      "Source": "Repository",
      "Repository": "CRAN",
      "Hash": "1fe17157424bb09c48a8b3b550c753bc",
      "Requirements": []
    },
    "vctrs": {
      "Package": "vctrs",
      "Version": "0.6.2",
      "Source": "Repository",
      "Repository": "CRAN",
      "Hash": "a745bda7aff4734c17294bb41d4e4607",
      "Requirements": [
        "cli",
        "glue",
        "lifecycle",
        "rlang"
      ]
    },
    "viridisLite": {
      "Package": "viridisLite",
      "Version": "0.4.2",
      "Source": "Repository",
      "Repository": "CRAN",
      "Hash": "c826c7c4241b6fc89ff55aaea3fa7491",
      "Requirements": []
    },
    "withr": {
      "Package": "withr",
      "Version": "2.5.0",
      "Source": "Repository",
      "Repository": "CRAN",
      "Hash": "c0e49a9760983e81e55cdd9be92e7182",
      "Requirements": []
    },
    "wk": {
      "Package": "wk",
      "Version": "0.7.2",
      "Source": "Repository",
      "Repository": "CRAN",
      "Hash": "d090e79291f852c4da96b036500d449f",
      "Requirements": []
    },
    "xfun": {
      "Package": "xfun",
      "Version": "0.39",
      "Source": "Repository",
      "Repository": "CRAN",
      "Hash": "8f56e9acb54fb525e66464d57ab58bcb",
      "Requirements": []
    },
    "yaml": {
      "Package": "yaml",
      "Version": "2.3.7",
      "Source": "Repository",
      "Repository": "CRAN",
      "Hash": "0d0056cc5383fbc240ccd0cb584bf436",
      "Requirements": []
    }
  }
}
